
Microsoft Visual Studio Solution File, Format Version 12.00
# Visual Studio Express 2013 for Web
VisualStudioVersion = 12.0.30723.0
MinimumVisualStudioVersion = 10.0.40219.1
Project("{FAE04EC0-301F-11D3-BF4B-00C04F79EFBC}") = "Marcos", "Marcos\Marcos.csproj", "{6810D629-58C7-4C4E-8C68-AA123C3CBFFD}"
EndProject
Project("{FAE04EC0-301F-11D3-BF4B-00C04F79EFBC}") = "Marcos.Tests", "Marcos.Tests\Marcos.Tests.csproj", "{CF9F112A-1424-431B-88DA-8F76DEFFC2C7}"
EndProject
Project("{2150E333-8FDC-42A3-9474-1A3956D46DE8}") = ".nuget", ".nuget", "{009A459E-1EE6-4989-B65B-7657D4DBEEF4}"
	ProjectSection(SolutionItems) = preProject
		.nuget\packages.config = .nuget\packages.config
	EndProjectSection
EndProject
Global
	GlobalSection(SolutionConfigurationPlatforms) = preSolution
		Debug|Any CPU = Debug|Any CPU
		Release|Any CPU = Release|Any CPU
	EndGlobalSection
	GlobalSection(ProjectConfigurationPlatforms) = postSolution
		{6810D629-58C7-4C4E-8C68-AA123C3CBFFD}.Debug|Any CPU.ActiveCfg = Debug|Any CPU
		{6810D629-58C7-4C4E-8C68-AA123C3CBFFD}.Debug|Any CPU.Build.0 = Debug|Any CPU
		{6810D629-58C7-4C4E-8C68-AA123C3CBFFD}.Release|Any CPU.ActiveCfg = Release|Any CPU
		{6810D629-58C7-4C4E-8C68-AA123C3CBFFD}.Release|Any CPU.Build.0 = Release|Any CPU
		{CF9F112A-1424-431B-88DA-8F76DEFFC2C7}.Debug|Any CPU.ActiveCfg = Debug|Any CPU
		{CF9F112A-1424-431B-88DA-8F76DEFFC2C7}.Debug|Any CPU.Build.0 = Debug|Any CPU
		{CF9F112A-1424-431B-88DA-8F76DEFFC2C7}.Release|Any CPU.ActiveCfg = Release|Any CPU
		{CF9F112A-1424-431B-88DA-8F76DEFFC2C7}.Release|Any CPU.Build.0 = Release|Any CPU
	EndGlobalSection
	GlobalSection(SolutionProperties) = preSolution
		HideSolutionNode = FALSE
	EndGlobalSection
EndGlobal
